
Microsoft Visual Studio Solution File, Format Version 12.00
# Visual Studio Version 18
VisualStudioVersion = 18.5.11723.231 stable
MinimumVisualStudioVersion = 10.0.40219.1
Project("{FAE04EC0-301F-11D3-BF4B-00C04F79EFBC}") = "KaraokeList", "KaraokeList\KaraokeList.csproj", "{6FA4D8A0-CC15-439A-9DB9-734EC40FA68B}"
EndProject
Project("{2150E333-8FDC-42A3-9474-1A3956D46DE8}") = "docs", "docs", "{23A61FFC-5070-464C-A26B-A8B8A8B27ADA}"
	ProjectSection(SolutionItems) = preProject
		KaraokeList.md = KaraokeList.md
	EndProjectSection
EndProject
Global
	GlobalSection(SolutionConfigurationPlatforms) = preSolution
		Debug|Any CPU = Debug|Any CPU
		Release|Any CPU = Release|Any CPU
	EndGlobalSection
	GlobalSection(ProjectConfigurationPlatforms) = postSolution
		{6FA4D8A0-CC15-439A-9DB9-734EC40FA68B}.Debug|Any CPU.ActiveCfg = Debug|Any CPU
		{6FA4D8A0-CC15-439A-9DB9-734EC40FA68B}.Debug|Any CPU.Build.0 = Debug|Any CPU
		{6FA4D8A0-CC15-439A-9DB9-734EC40FA68B}.Release|Any CPU.ActiveCfg = Release|Any CPU
		{6FA4D8A0-CC15-439A-9DB9-734EC40FA68B}.Release|Any CPU.Build.0 = Release|Any CPU
	EndGlobalSection
	GlobalSection(SolutionProperties) = preSolution
		HideSolutionNode = FALSE
	EndGlobalSection
	GlobalSection(ExtensibilityGlobals) = postSolution
		SolutionGuid = {F879DEBB-3FF3-4492-B053-3D368AA7C585}
	EndGlobalSection
EndGlobal
