
Microsoft Visual Studio Solution File, Format Version 12.00
# Visual Studio Version 18
VisualStudioVersion = 18.5.11723.231
MinimumVisualStudioVersion = 10.0.40219.1
Project("{2150E333-8FDC-42A3-9474-1A3956D46DE8}") = "docs", "docs", "{23A61FFC-5070-464C-A26B-A8B8A8B27ADA}"
	ProjectSection(SolutionItems) = preProject
		ai-agent-ideas.md = ai-agent-ideas.md
		docs\Artists.md = docs\Artists.md
		docs\azure-deployment.md = docs\azure-deployment.md
		docs\deployment-roadmap.md = docs\deployment-roadmap.md
		docs\Genres.md = docs\Genres.md
		docs\KaraokeList.md = docs\KaraokeList.md
		docs\mobile-ux.md = docs\mobile-ux.md
		docs\Performances.md = docs\Performances.md
		docs\security-private-access.md = docs\security-private-access.md
		docs\Singers.md = docs\Singers.md
		docs\Songs.md = docs\Songs.md
		docs\Venues.md = docs\Venues.md
		docs\wasm-api-local-dev.md = docs\wasm-api-local-dev.md
		docs\winhost-deployment.md = docs\winhost-deployment.md
	EndProjectSection
EndProject
Project("{2150E333-8FDC-42A3-9474-1A3956D46DE8}") = "Learning", "Learning", "{D9FD0B62-FD69-4CB0-BED0-8F55515CF646}"
	ProjectSection(SolutionItems) = preProject
		docs\Learning\01-blazor-wasm-api.md = docs\Learning\01-blazor-wasm-api.md
		docs\Learning\02-comprehensive-testing.md = docs\Learning\02-comprehensive-testing.md
		docs\Learning\03-ci-cd.md = docs\Learning\03-ci-cd.md
		docs\Learning\04-ms-azure.md = docs\Learning\04-ms-azure.md
		docs\Learning\05-pwa-resiliency-caching.md = docs\Learning\05-pwa-resiliency-caching.md
		docs\Learning\06-llm-as-a-service.md = docs\Learning\06-llm-as-a-service.md
		docs\Learning\07-rate-limited-api.md = docs\Learning\07-rate-limited-api.md
		docs\Learning\08-community-data-uncertainty.md = docs\Learning\08-community-data-uncertainty.md
		docs\Learning\09-jwt-authentication.md = docs\Learning\09-jwt-authentication.md
		docs\Learning\10-oauth-authentication.md = docs\Learning\10-oauth-authentication.md
		docs\Learning\Learning.md = docs\Learning\Learning.md
	EndProjectSection
EndProject
Project("{FAE04EC0-301F-11D3-BF4B-00C04F79EFBC}") = "KaraokeList.Shared", "KaraokeList.Shared\KaraokeList.Shared.csproj", "{C568B767-CC9A-4489-BE2E-13B179997755}"
EndProject
Project("{FAE04EC0-301F-11D3-BF4B-00C04F79EFBC}") = "KaraokeList.Api", "KaraokeList.Api\KaraokeList.Api.csproj", "{7B8C9EE8-38F4-47DA-A431-14158B115A33}"
EndProject
Project("{FAE04EC0-301F-11D3-BF4B-00C04F79EFBC}") = "KaraokeList.Web", "KaraokeList.Web\KaraokeList.Web.csproj", "{77DE16BB-CD8A-4AFB-A837-989827E8D5A2}"
EndProject
Project("{FAE04EC0-301F-11D3-BF4B-00C04F79EFBC}") = "KaraokeList.Api.Tests", "KaraokeList.Api.Tests\KaraokeList.Api.Tests.csproj", "{78574547-90B0-4DBC-B1A4-B0886C8A392A}"
EndProject
Project("{FAE04EC0-301F-11D3-BF4B-00C04F79EFBC}") = "KaraokeList.Api.IntegrationTests", "KaraokeList.Api.IntegrationTests\KaraokeList.Api.IntegrationTests.csproj", "{C5A9FE34-BACE-4378-8112-815EC89C31C9}"
EndProject
Project("{FAE04EC0-301F-11D3-BF4B-00C04F79EFBC}") = "KaraokeList.Web.Tests", "KaraokeList.Web.Tests\KaraokeList.Web.Tests.csproj", "{94734EA3-F871-4876-8710-C60370638516}"
EndProject
Project("{FAE04EC0-301F-11D3-BF4B-00C04F79EFBC}") = "KaraokeList.E2E", "KaraokeList.E2E\KaraokeList.E2E.csproj", "{B3020090-1047-465A-B065-44CB3ABDB0D2}"
EndProject
Global
	GlobalSection(SolutionConfigurationPlatforms) = preSolution
		Debug|Any CPU = Debug|Any CPU
		Debug|x64 = Debug|x64
		Debug|x86 = Debug|x86
		Release|Any CPU = Release|Any CPU
		Release|x64 = Release|x64
		Release|x86 = Release|x86
	EndGlobalSection
	GlobalSection(ProjectConfigurationPlatforms) = postSolution
		{C568B767-CC9A-4489-BE2E-13B179997755}.Debug|Any CPU.ActiveCfg = Debug|Any CPU
		{C568B767-CC9A-4489-BE2E-13B179997755}.Debug|Any CPU.Build.0 = Debug|Any CPU
		{C568B767-CC9A-4489-BE2E-13B179997755}.Debug|x64.ActiveCfg = Debug|Any CPU
		{C568B767-CC9A-4489-BE2E-13B179997755}.Debug|x64.Build.0 = Debug|Any CPU
		{C568B767-CC9A-4489-BE2E-13B179997755}.Debug|x86.ActiveCfg = Debug|Any CPU
		{C568B767-CC9A-4489-BE2E-13B179997755}.Debug|x86.Build.0 = Debug|Any CPU
		{C568B767-CC9A-4489-BE2E-13B179997755}.Release|Any CPU.ActiveCfg = Release|Any CPU
		{C568B767-CC9A-4489-BE2E-13B179997755}.Release|Any CPU.Build.0 = Release|Any CPU
		{C568B767-CC9A-4489-BE2E-13B179997755}.Release|x64.ActiveCfg = Release|Any CPU
		{C568B767-CC9A-4489-BE2E-13B179997755}.Release|x64.Build.0 = Release|Any CPU
		{C568B767-CC9A-4489-BE2E-13B179997755}.Release|x86.ActiveCfg = Release|Any CPU
		{C568B767-CC9A-4489-BE2E-13B179997755}.Release|x86.Build.0 = Release|Any CPU
		{7B8C9EE8-38F4-47DA-A431-14158B115A33}.Debug|Any CPU.ActiveCfg = Debug|Any CPU
		{7B8C9EE8-38F4-47DA-A431-14158B115A33}.Debug|Any CPU.Build.0 = Debug|Any CPU
		{7B8C9EE8-38F4-47DA-A431-14158B115A33}.Debug|x64.ActiveCfg = Debug|Any CPU
		{7B8C9EE8-38F4-47DA-A431-14158B115A33}.Debug|x64.Build.0 = Debug|Any CPU
		{7B8C9EE8-38F4-47DA-A431-14158B115A33}.Debug|x86.ActiveCfg = Debug|Any CPU
		{7B8C9EE8-38F4-47DA-A431-14158B115A33}.Debug|x86.Build.0 = Debug|Any CPU
		{7B8C9EE8-38F4-47DA-A431-14158B115A33}.Release|Any CPU.ActiveCfg = Release|Any CPU
		{7B8C9EE8-38F4-47DA-A431-14158B115A33}.Release|Any CPU.Build.0 = Release|Any CPU
		{7B8C9EE8-38F4-47DA-A431-14158B115A33}.Release|x64.ActiveCfg = Release|Any CPU
		{7B8C9EE8-38F4-47DA-A431-14158B115A33}.Release|x64.Build.0 = Release|Any CPU
		{7B8C9EE8-38F4-47DA-A431-14158B115A33}.Release|x86.ActiveCfg = Release|Any CPU
		{7B8C9EE8-38F4-47DA-A431-14158B115A33}.Release|x86.Build.0 = Release|Any CPU
		{77DE16BB-CD8A-4AFB-A837-989827E8D5A2}.Debug|Any CPU.ActiveCfg = Debug|Any CPU
		{77DE16BB-CD8A-4AFB-A837-989827E8D5A2}.Debug|Any CPU.Build.0 = Debug|Any CPU
		{77DE16BB-CD8A-4AFB-A837-989827E8D5A2}.Debug|x64.ActiveCfg = Debug|Any CPU
		{77DE16BB-CD8A-4AFB-A837-989827E8D5A2}.Debug|x64.Build.0 = Debug|Any CPU
		{77DE16BB-CD8A-4AFB-A837-989827E8D5A2}.Debug|x86.ActiveCfg = Debug|Any CPU
		{77DE16BB-CD8A-4AFB-A837-989827E8D5A2}.Debug|x86.Build.0 = Debug|Any CPU
		{77DE16BB-CD8A-4AFB-A837-989827E8D5A2}.Release|Any CPU.ActiveCfg = Release|Any CPU
		{77DE16BB-CD8A-4AFB-A837-989827E8D5A2}.Release|Any CPU.Build.0 = Release|Any CPU
		{77DE16BB-CD8A-4AFB-A837-989827E8D5A2}.Release|x64.ActiveCfg = Release|Any CPU
		{77DE16BB-CD8A-4AFB-A837-989827E8D5A2}.Release|x64.Build.0 = Release|Any CPU
		{77DE16BB-CD8A-4AFB-A837-989827E8D5A2}.Release|x86.ActiveCfg = Release|Any CPU
		{77DE16BB-CD8A-4AFB-A837-989827E8D5A2}.Release|x86.Build.0 = Release|Any CPU
		{78574547-90B0-4DBC-B1A4-B0886C8A392A}.Debug|Any CPU.ActiveCfg = Debug|Any CPU
		{78574547-90B0-4DBC-B1A4-B0886C8A392A}.Debug|Any CPU.Build.0 = Debug|Any CPU
		{78574547-90B0-4DBC-B1A4-B0886C8A392A}.Debug|x64.ActiveCfg = Debug|Any CPU
		{78574547-90B0-4DBC-B1A4-B0886C8A392A}.Debug|x64.Build.0 = Debug|Any CPU
		{78574547-90B0-4DBC-B1A4-B0886C8A392A}.Debug|x86.ActiveCfg = Debug|Any CPU
		{78574547-90B0-4DBC-B1A4-B0886C8A392A}.Debug|x86.Build.0 = Debug|Any CPU
		{78574547-90B0-4DBC-B1A4-B0886C8A392A}.Release|Any CPU.ActiveCfg = Release|Any CPU
		{78574547-90B0-4DBC-B1A4-B0886C8A392A}.Release|Any CPU.Build.0 = Release|Any CPU
		{78574547-90B0-4DBC-B1A4-B0886C8A392A}.Release|x64.ActiveCfg = Release|Any CPU
		{78574547-90B0-4DBC-B1A4-B0886C8A392A}.Release|x64.Build.0 = Release|Any CPU
		{78574547-90B0-4DBC-B1A4-B0886C8A392A}.Release|x86.ActiveCfg = Release|Any CPU
		{78574547-90B0-4DBC-B1A4-B0886C8A392A}.Release|x86.Build.0 = Release|Any CPU
		{C5A9FE34-BACE-4378-8112-815EC89C31C9}.Debug|Any CPU.ActiveCfg = Debug|Any CPU
		{C5A9FE34-BACE-4378-8112-815EC89C31C9}.Debug|Any CPU.Build.0 = Debug|Any CPU
		{C5A9FE34-BACE-4378-8112-815EC89C31C9}.Debug|x64.ActiveCfg = Debug|Any CPU
		{C5A9FE34-BACE-4378-8112-815EC89C31C9}.Debug|x64.Build.0 = Debug|Any CPU
		{C5A9FE34-BACE-4378-8112-815EC89C31C9}.Debug|x86.ActiveCfg = Debug|Any CPU
		{C5A9FE34-BACE-4378-8112-815EC89C31C9}.Debug|x86.Build.0 = Debug|Any CPU
		{C5A9FE34-BACE-4378-8112-815EC89C31C9}.Release|Any CPU.ActiveCfg = Release|Any CPU
		{C5A9FE34-BACE-4378-8112-815EC89C31C9}.Release|Any CPU.Build.0 = Release|Any CPU
		{C5A9FE34-BACE-4378-8112-815EC89C31C9}.Release|x64.ActiveCfg = Release|Any CPU
		{C5A9FE34-BACE-4378-8112-815EC89C31C9}.Release|x64.Build.0 = Release|Any CPU
		{C5A9FE34-BACE-4378-8112-815EC89C31C9}.Release|x86.ActiveCfg = Release|Any CPU
		{C5A9FE34-BACE-4378-8112-815EC89C31C9}.Release|x86.Build.0 = Release|Any CPU
		{94734EA3-F871-4876-8710-C60370638516}.Debug|Any CPU.ActiveCfg = Debug|Any CPU
		{94734EA3-F871-4876-8710-C60370638516}.Debug|Any CPU.Build.0 = Debug|Any CPU
		{94734EA3-F871-4876-8710-C60370638516}.Debug|x64.ActiveCfg = Debug|Any CPU
		{94734EA3-F871-4876-8710-C60370638516}.Debug|x64.Build.0 = Debug|Any CPU
		{94734EA3-F871-4876-8710-C60370638516}.Debug|x86.ActiveCfg = Debug|Any CPU
		{94734EA3-F871-4876-8710-C60370638516}.Debug|x86.Build.0 = Debug|Any CPU
		{94734EA3-F871-4876-8710-C60370638516}.Release|Any CPU.ActiveCfg = Release|Any CPU
		{94734EA3-F871-4876-8710-C60370638516}.Release|Any CPU.Build.0 = Release|Any CPU
		{94734EA3-F871-4876-8710-C60370638516}.Release|x64.ActiveCfg = Release|Any CPU
		{94734EA3-F871-4876-8710-C60370638516}.Release|x64.Build.0 = Release|Any CPU
		{94734EA3-F871-4876-8710-C60370638516}.Release|x86.ActiveCfg = Release|Any CPU
		{94734EA3-F871-4876-8710-C60370638516}.Release|x86.Build.0 = Release|Any CPU
		{B3020090-1047-465A-B065-44CB3ABDB0D2}.Debug|Any CPU.ActiveCfg = Debug|Any CPU
		{B3020090-1047-465A-B065-44CB3ABDB0D2}.Debug|Any CPU.Build.0 = Debug|Any CPU
		{B3020090-1047-465A-B065-44CB3ABDB0D2}.Debug|x64.ActiveCfg = Debug|Any CPU
		{B3020090-1047-465A-B065-44CB3ABDB0D2}.Debug|x64.Build.0 = Debug|Any CPU
		{B3020090-1047-465A-B065-44CB3ABDB0D2}.Debug|x86.ActiveCfg = Debug|Any CPU
		{B3020090-1047-465A-B065-44CB3ABDB0D2}.Debug|x86.Build.0 = Debug|Any CPU
		{B3020090-1047-465A-B065-44CB3ABDB0D2}.Release|Any CPU.ActiveCfg = Release|Any CPU
		{B3020090-1047-465A-B065-44CB3ABDB0D2}.Release|Any CPU.Build.0 = Release|Any CPU
		{B3020090-1047-465A-B065-44CB3ABDB0D2}.Release|x64.ActiveCfg = Release|Any CPU
		{B3020090-1047-465A-B065-44CB3ABDB0D2}.Release|x64.Build.0 = Release|Any CPU
		{B3020090-1047-465A-B065-44CB3ABDB0D2}.Release|x86.ActiveCfg = Release|Any CPU
		{B3020090-1047-465A-B065-44CB3ABDB0D2}.Release|x86.Build.0 = Release|Any CPU
	EndGlobalSection
	GlobalSection(SolutionProperties) = preSolution
		HideSolutionNode = FALSE
	EndGlobalSection
	GlobalSection(NestedProjects) = preSolution
		{D9FD0B62-FD69-4CB0-BED0-8F55515CF646} = {23A61FFC-5070-464C-A26B-A8B8A8B27ADA}
	EndGlobalSection
	GlobalSection(ExtensibilityGlobals) = postSolution
		SolutionGuid = {F879DEBB-3FF3-4492-B053-3D368AA7C585}
	EndGlobalSection
EndGlobal
